// !$*UTF8*$!
{
	archiveVersion = 1;
	classes = {
	};
	objectVersion = 52;
	objects = {

/* Begin PBXBuildFile section */
		922FEC6624AE83050017F308 /* ImageTextPostCard.swift in Sources */ = {isa = PBXBuildFile; fileRef = 922FEC6524AE83050017F308 /* ImageTextPostCard.swift */; };
		9231136724F6FD6C0081D354 /* Tag.swift in Sources */ = {isa = PBXBuildFile; fileRef = 9231136624F6FD6C0081D354 /* Tag.swift */; };
		9238EE4424FAA7D9009A9127 /* TagList.swift in Sources */ = {isa = PBXBuildFile; fileRef = 9238EE4324FAA7D9009A9127 /* TagList.swift */; };
		9238EE4624FC1834009A9127 /* FullscreenGallery.swift in Sources */ = {isa = PBXBuildFile; fileRef = 9238EE4524FC1834009A9127 /* FullscreenGallery.swift */; };
		926B22B424FDE27A004F576C /* PostFooter.swift in Sources */ = {isa = PBXBuildFile; fileRef = 926B22B324FDE27A004F576C /* PostFooter.swift */; };
		926B22B625013B4F004F576C /* SmallNycheCard.swift in Sources */ = {isa = PBXBuildFile; fileRef = 926B22B525013B4F004F576C /* SmallNycheCard.swift */; };
		926B22B82501418F004F576C /* Nyche.swift in Sources */ = {isa = PBXBuildFile; fileRef = 926B22B72501418F004F576C /* Nyche.swift */; };
		92922ECA24C7A33700CF2AD0 /* PostsView.swift in Sources */ = {isa = PBXBuildFile; fileRef = 92922EC924C7A33700CF2AD0 /* PostsView.swift */; };
		92AC77C424B91A6D004DE69A /* ImagePostCard.swift in Sources */ = {isa = PBXBuildFile; fileRef = 92AC77C324B91A6D004DE69A /* ImagePostCard.swift */; };
		92AC77C624B92326004DE69A /* PostImage.swift in Sources */ = {isa = PBXBuildFile; fileRef = 92AC77C524B92326004DE69A /* PostImage.swift */; };
		92B001DE24C50B4000E1B0B0 /* BlurView.swift in Sources */ = {isa = PBXBuildFile; fileRef = 92B001DD24C50B4000E1B0B0 /* BlurView.swift */; };
		92B49B1924AA81BF00BCAF35 /* NycheApp.swift in Sources */ = {isa = PBXBuildFile; fileRef = 92B49B1824AA81BF00BCAF35 /* NycheApp.swift */; };
		92B49B1B24AA81BF00BCAF35 /* ContentView.swift in Sources */ = {isa = PBXBuildFile; fileRef = 92B49B1A24AA81BF00BCAF35 /* ContentView.swift */; };
		92B49B1D24AA81C000BCAF35 /* Assets.xcassets in Resources */ = {isa = PBXBuildFile; fileRef = 92B49B1C24AA81C000BCAF35 /* Assets.xcassets */; };
		92B49B2024AA81C000BCAF35 /* Preview Assets.xcassets in Resources */ = {isa = PBXBuildFile; fileRef = 92B49B1F24AA81C000BCAF35 /* Preview Assets.xcassets */; };
		92B49B2B24AA81C000BCAF35 /* NycheTests.swift in Sources */ = {isa = PBXBuildFile; fileRef = 92B49B2A24AA81C000BCAF35 /* NycheTests.swift */; };
		92B49B3624AA81C000BCAF35 /* NycheUITests.swift in Sources */ = {isa = PBXBuildFile; fileRef = 92B49B3524AA81C000BCAF35 /* NycheUITests.swift */; };
		92BE0BB124CF4655009866C6 /* ProfileView.swift in Sources */ = {isa = PBXBuildFile; fileRef = 92BE0BB024CF4655009866C6 /* ProfileView.swift */; };
		92C408592502C49200CBA3B6 /* GalleryView.swift in Sources */ = {isa = PBXBuildFile; fileRef = 92C408582502C49200CBA3B6 /* GalleryView.swift */; };
		92C8536324B7DC0E00E08D22 /* User.swift in Sources */ = {isa = PBXBuildFile; fileRef = 92C8536224B7DC0E00E08D22 /* User.swift */; };
		9B1429A325B4B4D100CF6B0F /* SavedView.swift in Sources */ = {isa = PBXBuildFile; fileRef = 9B1429A225B4B4D100CF6B0F /* SavedView.swift */; };
		9B662D4E25B4DC94009DFC10 /* SavedCategoryRow.swift in Sources */ = {isa = PBXBuildFile; fileRef = 9B662D4D25B4DC94009DFC10 /* SavedCategoryRow.swift */; };
		9B863A7B25D7029C007A11D3 /* SavedCategoryView.swift in Sources */ = {isa = PBXBuildFile; fileRef = 9B863A7A25D7029C007A11D3 /* SavedCategoryView.swift */; };
		9B8AE3B125AB790600CF8193 /* ImageViewerRemote in Frameworks */ = {isa = PBXBuildFile; productRef = 9B8AE3B025AB790600CF8193 /* ImageViewerRemote */; };
		9B8AE3B325AB790600CF8193 /* ImageViewer in Frameworks */ = {isa = PBXBuildFile; productRef = 9B8AE3B225AB790600CF8193 /* ImageViewer */; };
/* End PBXBuildFile section */

/* Begin PBXContainerItemProxy section */
		92B49B2724AA81C000BCAF35 /* PBXContainerItemProxy */ = {
			isa = PBXContainerItemProxy;
			containerPortal = 92B49B0D24AA81BF00BCAF35 /* Project object */;
			proxyType = 1;
			remoteGlobalIDString = 92B49B1424AA81BF00BCAF35;
			remoteInfo = Nyche;
		};
		92B49B3224AA81C000BCAF35 /* PBXContainerItemProxy */ = {
			isa = PBXContainerItemProxy;
			containerPortal = 92B49B0D24AA81BF00BCAF35 /* Project object */;
			proxyType = 1;
			remoteGlobalIDString = 92B49B1424AA81BF00BCAF35;
			remoteInfo = Nyche;
		};
/* End PBXContainerItemProxy section */

/* Begin PBXFileReference section */
		922FEC6524AE83050017F308 /* ImageTextPostCard.swift */ = {isa = PBXFileReference; lastKnownFileType = sourcecode.swift; path = ImageTextPostCard.swift; sourceTree = "<group>"; };
		9231136624F6FD6C0081D354 /* Tag.swift */ = {isa = PBXFileReference; lastKnownFileType = sourcecode.swift; path = Tag.swift; sourceTree = "<group>"; };
		9238EE4324FAA7D9009A9127 /* TagList.swift */ = {isa = PBXFileReference; lastKnownFileType = sourcecode.swift; path = TagList.swift; sourceTree = "<group>"; };
		9238EE4524FC1834009A9127 /* FullscreenGallery.swift */ = {isa = PBXFileReference; lastKnownFileType = sourcecode.swift; path = FullscreenGallery.swift; sourceTree = "<group>"; };
		926B22B324FDE27A004F576C /* PostFooter.swift */ = {isa = PBXFileReference; lastKnownFileType = sourcecode.swift; path = PostFooter.swift; sourceTree = "<group>"; };
		926B22B525013B4F004F576C /* SmallNycheCard.swift */ = {isa = PBXFileReference; lastKnownFileType = sourcecode.swift; path = SmallNycheCard.swift; sourceTree = "<group>"; };
		926B22B72501418F004F576C /* Nyche.swift */ = {isa = PBXFileReference; lastKnownFileType = sourcecode.swift; path = Nyche.swift; sourceTree = "<group>"; };
		92922EC924C7A33700CF2AD0 /* PostsView.swift */ = {isa = PBXFileReference; lastKnownFileType = sourcecode.swift; path = PostsView.swift; sourceTree = "<group>"; };
		92AC77C324B91A6D004DE69A /* ImagePostCard.swift */ = {isa = PBXFileReference; lastKnownFileType = sourcecode.swift; path = ImagePostCard.swift; sourceTree = "<group>"; };
		92AC77C524B92326004DE69A /* PostImage.swift */ = {isa = PBXFileReference; lastKnownFileType = sourcecode.swift; path = PostImage.swift; sourceTree = "<group>"; };
		92B001DD24C50B4000E1B0B0 /* BlurView.swift */ = {isa = PBXFileReference; lastKnownFileType = sourcecode.swift; path = BlurView.swift; sourceTree = "<group>"; };
		92B49B1524AA81BF00BCAF35 /* Nyche.app */ = {isa = PBXFileReference; explicitFileType = wrapper.application; includeInIndex = 0; path = Nyche.app; sourceTree = BUILT_PRODUCTS_DIR; };
		92B49B1824AA81BF00BCAF35 /* NycheApp.swift */ = {isa = PBXFileReference; lastKnownFileType = sourcecode.swift; path = NycheApp.swift; sourceTree = "<group>"; };
		92B49B1A24AA81BF00BCAF35 /* ContentView.swift */ = {isa = PBXFileReference; lastKnownFileType = sourcecode.swift; path = ContentView.swift; sourceTree = "<group>"; };
		92B49B1C24AA81C000BCAF35 /* Assets.xcassets */ = {isa = PBXFileReference; lastKnownFileType = folder.assetcatalog; path = Assets.xcassets; sourceTree = "<group>"; };
		92B49B1F24AA81C000BCAF35 /* Preview Assets.xcassets */ = {isa = PBXFileReference; lastKnownFileType = folder.assetcatalog; path = "Preview Assets.xcassets"; sourceTree = "<group>"; };
		92B49B2124AA81C000BCAF35 /* Info.plist */ = {isa = PBXFileReference; lastKnownFileType = text.plist.xml; path = Info.plist; sourceTree = "<group>"; };
		92B49B2624AA81C000BCAF35 /* NycheTests.xctest */ = {isa = PBXFileReference; explicitFileType = wrapper.cfbundle; includeInIndex = 0; path = NycheTests.xctest; sourceTree = BUILT_PRODUCTS_DIR; };
		92B49B2A24AA81C000BCAF35 /* NycheTests.swift */ = {isa = PBXFileReference; lastKnownFileType = sourcecode.swift; path = NycheTests.swift; sourceTree = "<group>"; };
		92B49B2C24AA81C000BCAF35 /* Info.plist */ = {isa = PBXFileReference; lastKnownFileType = text.plist.xml; path = Info.plist; sourceTree = "<group>"; };
		92B49B3124AA81C000BCAF35 /* NycheUITests.xctest */ = {isa = PBXFileReference; explicitFileType = wrapper.cfbundle; includeInIndex = 0; path = NycheUITests.xctest; sourceTree = BUILT_PRODUCTS_DIR; };
		92B49B3524AA81C000BCAF35 /* NycheUITests.swift */ = {isa = PBXFileReference; lastKnownFileType = sourcecode.swift; path = NycheUITests.swift; sourceTree = "<group>"; };
		92B49B3724AA81C000BCAF35 /* Info.plist */ = {isa = PBXFileReference; lastKnownFileType = text.plist.xml; path = Info.plist; sourceTree = "<group>"; };
		92BE0BB024CF4655009866C6 /* ProfileView.swift */ = {isa = PBXFileReference; lastKnownFileType = sourcecode.swift; path = ProfileView.swift; sourceTree = "<group>"; };
		92C408582502C49200CBA3B6 /* GalleryView.swift */ = {isa = PBXFileReference; lastKnownFileType = sourcecode.swift; path = GalleryView.swift; sourceTree = "<group>"; };
		92C8536224B7DC0E00E08D22 /* User.swift */ = {isa = PBXFileReference; lastKnownFileType = sourcecode.swift; path = User.swift; sourceTree = "<group>"; };
		9B1429A225B4B4D100CF6B0F /* SavedView.swift */ = {isa = PBXFileReference; lastKnownFileType = sourcecode.swift; path = SavedView.swift; sourceTree = "<group>"; };
		9B662D4D25B4DC94009DFC10 /* SavedCategoryRow.swift */ = {isa = PBXFileReference; lastKnownFileType = sourcecode.swift; path = SavedCategoryRow.swift; sourceTree = "<group>"; };
		9B863A7A25D7029C007A11D3 /* SavedCategoryView.swift */ = {isa = PBXFileReference; lastKnownFileType = sourcecode.swift; path = SavedCategoryView.swift; sourceTree = "<group>"; };
/* End PBXFileReference section */

/* Begin PBXFrameworksBuildPhase section */
		92B49B1224AA81BF00BCAF35 /* Frameworks */ = {
			isa = PBXFrameworksBuildPhase;
			buildActionMask = 2147483647;
			files = (
				9B8AE3B325AB790600CF8193 /* ImageViewer in Frameworks */,
				9B8AE3B125AB790600CF8193 /* ImageViewerRemote in Frameworks */,
			);
			runOnlyForDeploymentPostprocessing = 0;
		};
		92B49B2324AA81C000BCAF35 /* Frameworks */ = {
			isa = PBXFrameworksBuildPhase;
			buildActionMask = 2147483647;
			files = (
			);
			runOnlyForDeploymentPostprocessing = 0;
		};
		92B49B2E24AA81C000BCAF35 /* Frameworks */ = {
			isa = PBXFrameworksBuildPhase;
			buildActionMask = 2147483647;
			files = (
			);
			runOnlyForDeploymentPostprocessing = 0;
		};
/* End PBXFrameworksBuildPhase section */

/* Begin PBXGroup section */
		92922EC824C7A31100CF2AD0 /* Pages */ = {
			isa = PBXGroup;
			children = (
				92922EC924C7A33700CF2AD0 /* PostsView.swift */,
				92BE0BB024CF4655009866C6 /* ProfileView.swift */,
				9B1429A225B4B4D100CF6B0F /* SavedView.swift */,
				9B863A7A25D7029C007A11D3 /* SavedCategoryView.swift */,
			);
			name = Pages;
			sourceTree = "<group>";
		};
		92AC77C924B924E6004DE69A /* Data Types */ = {
			isa = PBXGroup;
			children = (
				92C8536224B7DC0E00E08D22 /* User.swift */,
				92AC77C524B92326004DE69A /* PostImage.swift */,
				9231136624F6FD6C0081D354 /* Tag.swift */,
				926B22B72501418F004F576C /* Nyche.swift */,
			);
			name = "Data Types";
			sourceTree = "<group>";
		};
		92AC77CA24B924FC004DE69A /* Post Cards */ = {
			isa = PBXGroup;
			children = (
				922FEC6524AE83050017F308 /* ImageTextPostCard.swift */,
				92AC77C324B91A6D004DE69A /* ImagePostCard.swift */,
			);
			name = "Post Cards";
			sourceTree = "<group>";
		};
		92B001DF24C50B4700E1B0B0 /* UI Components */ = {
			isa = PBXGroup;
			children = (
				92B001DD24C50B4000E1B0B0 /* BlurView.swift */,
				9238EE4324FAA7D9009A9127 /* TagList.swift */,
				9238EE4524FC1834009A9127 /* FullscreenGallery.swift */,
				926B22B324FDE27A004F576C /* PostFooter.swift */,
				926B22B525013B4F004F576C /* SmallNycheCard.swift */,
				92C408582502C49200CBA3B6 /* GalleryView.swift */,
				9B662D4D25B4DC94009DFC10 /* SavedCategoryRow.swift */,
			);
			name = "UI Components";
			sourceTree = "<group>";
		};
		92B49B0C24AA81BF00BCAF35 = {
			isa = PBXGroup;
			children = (
				92B49B1724AA81BF00BCAF35 /* Nyche */,
				92B49B2924AA81C000BCAF35 /* NycheTests */,
				92B49B3424AA81C000BCAF35 /* NycheUITests */,
				92B49B1624AA81BF00BCAF35 /* Products */,
			);
			sourceTree = "<group>";
		};
		92B49B1624AA81BF00BCAF35 /* Products */ = {
			isa = PBXGroup;
			children = (
				92B49B1524AA81BF00BCAF35 /* Nyche.app */,
				92B49B2624AA81C000BCAF35 /* NycheTests.xctest */,
				92B49B3124AA81C000BCAF35 /* NycheUITests.xctest */,
			);
			name = Products;
			sourceTree = "<group>";
		};
		92B49B1724AA81BF00BCAF35 /* Nyche */ = {
			isa = PBXGroup;
			children = (
				92B49B1C24AA81C000BCAF35 /* Assets.xcassets */,
				92B49B2124AA81C000BCAF35 /* Info.plist */,
				92B49B1824AA81BF00BCAF35 /* NycheApp.swift */,
				92B49B1A24AA81BF00BCAF35 /* ContentView.swift */,
				92AC77C924B924E6004DE69A /* Data Types */,
				92922EC824C7A31100CF2AD0 /* Pages */,
				92B001DF24C50B4700E1B0B0 /* UI Components */,
				92AC77CA24B924FC004DE69A /* Post Cards */,
				92B49B1E24AA81C000BCAF35 /* Preview Content */,
			);
			path = Nyche;
			sourceTree = "<group>";
		};
		92B49B1E24AA81C000BCAF35 /* Preview Content */ = {
			isa = PBXGroup;
			children = (
				92B49B1F24AA81C000BCAF35 /* Preview Assets.xcassets */,
			);
			path = "Preview Content";
			sourceTree = "<group>";
		};
		92B49B2924AA81C000BCAF35 /* NycheTests */ = {
			isa = PBXGroup;
			children = (
				92B49B2A24AA81C000BCAF35 /* NycheTests.swift */,
				92B49B2C24AA81C000BCAF35 /* Info.plist */,
			);
			path = NycheTests;
			sourceTree = "<group>";
		};
		92B49B3424AA81C000BCAF35 /* NycheUITests */ = {
			isa = PBXGroup;
			children = (
				92B49B3524AA81C000BCAF35 /* NycheUITests.swift */,
				92B49B3724AA81C000BCAF35 /* Info.plist */,
			);
			path = NycheUITests;
			sourceTree = "<group>";
		};
/* End PBXGroup section */

/* Begin PBXNativeTarget section */
		92B49B1424AA81BF00BCAF35 /* Nyche */ = {
			isa = PBXNativeTarget;
			buildConfigurationList = 92B49B3A24AA81C000BCAF35 /* Build configuration list for PBXNativeTarget "Nyche" */;
			buildPhases = (
				92B49B1124AA81BF00BCAF35 /* Sources */,
				92B49B1224AA81BF00BCAF35 /* Frameworks */,
				92B49B1324AA81BF00BCAF35 /* Resources */,
			);
			buildRules = (
			);
			dependencies = (
			);
			name = Nyche;
			packageProductDependencies = (
				9B8AE3B025AB790600CF8193 /* ImageViewerRemote */,
				9B8AE3B225AB790600CF8193 /* ImageViewer */,
			);
			productName = Nyche;
			productReference = 92B49B1524AA81BF00BCAF35 /* Nyche.app */;
			productType = "com.apple.product-type.application";
		};
		92B49B2524AA81C000BCAF35 /* NycheTests */ = {
			isa = PBXNativeTarget;
			buildConfigurationList = 92B49B3D24AA81C000BCAF35 /* Build configuration list for PBXNativeTarget "NycheTests" */;
			buildPhases = (
				92B49B2224AA81C000BCAF35 /* Sources */,
				92B49B2324AA81C000BCAF35 /* Frameworks */,
				92B49B2424AA81C000BCAF35 /* Resources */,
			);
			buildRules = (
			);
			dependencies = (
				92B49B2824AA81C000BCAF35 /* PBXTargetDependency */,
			);
			name = NycheTests;
			productName = NycheTests;
			productReference = 92B49B2624AA81C000BCAF35 /* NycheTests.xctest */;
			productType = "com.apple.product-type.bundle.unit-test";
		};
		92B49B3024AA81C000BCAF35 /* NycheUITests */ = {
			isa = PBXNativeTarget;
			buildConfigurationList = 92B49B4024AA81C000BCAF35 /* Build configuration list for PBXNativeTarget "NycheUITests" */;
			buildPhases = (
				92B49B2D24AA81C000BCAF35 /* Sources */,
				92B49B2E24AA81C000BCAF35 /* Frameworks */,
				92B49B2F24AA81C000BCAF35 /* Resources */,
			);
			buildRules = (
			);
			dependencies = (
				92B49B3324AA81C000BCAF35 /* PBXTargetDependency */,
			);
			name = NycheUITests;
			productName = NycheUITests;
			productReference = 92B49B3124AA81C000BCAF35 /* NycheUITests.xctest */;
			productType = "com.apple.product-type.bundle.ui-testing";
		};
/* End PBXNativeTarget section */

/* Begin PBXProject section */
		92B49B0D24AA81BF00BCAF35 /* Project object */ = {
			isa = PBXProject;
			attributes = {
				LastSwiftUpdateCheck = 1200;
				LastUpgradeCheck = 1200;
				TargetAttributes = {
					92B49B1424AA81BF00BCAF35 = {
						CreatedOnToolsVersion = 12.0;
					};
					92B49B2524AA81C000BCAF35 = {
						CreatedOnToolsVersion = 12.0;
						TestTargetID = 92B49B1424AA81BF00BCAF35;
					};
					92B49B3024AA81C000BCAF35 = {
						CreatedOnToolsVersion = 12.0;
						TestTargetID = 92B49B1424AA81BF00BCAF35;
					};
				};
			};
			buildConfigurationList = 92B49B1024AA81BF00BCAF35 /* Build configuration list for PBXProject "Nyche" */;
			compatibilityVersion = "Xcode 9.3";
			developmentRegion = en;
			hasScannedForEncodings = 0;
			knownRegions = (
				en,
				Base,
			);
			mainGroup = 92B49B0C24AA81BF00BCAF35;
			packageReferences = (
				9B8AE3AF25AB790500CF8193 /* XCRemoteSwiftPackageReference "swiftui-image-viewer" */,
			);
			productRefGroup = 92B49B1624AA81BF00BCAF35 /* Products */;
			projectDirPath = "";
			projectRoot = "";
			targets = (
				92B49B1424AA81BF00BCAF35 /* Nyche */,
				92B49B2524AA81C000BCAF35 /* NycheTests */,
				92B49B3024AA81C000BCAF35 /* NycheUITests */,
			);
		};
/* End PBXProject section */

/* Begin PBXResourcesBuildPhase section */
		92B49B1324AA81BF00BCAF35 /* Resources */ = {
			isa = PBXResourcesBuildPhase;
			buildActionMask = 2147483647;
			files = (
				92B49B2024AA81C000BCAF35 /* Preview Assets.xcassets in Resources */,
				92B49B1D24AA81C000BCAF35 /* Assets.xcassets in Resources */,
			);
			runOnlyForDeploymentPostprocessing = 0;
		};
		92B49B2424AA81C000BCAF35 /* Resources */ = {
			isa = PBXResourcesBuildPhase;
			buildActionMask = 2147483647;
			files = (
			);
			runOnlyForDeploymentPostprocessing = 0;
		};
		92B49B2F24AA81C000BCAF35 /* Resources */ = {
			isa = PBXResourcesBuildPhase;
			buildActionMask = 2147483647;
			files = (
			);
			runOnlyForDeploymentPostprocessing = 0;
		};
/* End PBXResourcesBuildPhase section */

/* Begin PBXSourcesBuildPhase section */
		92B49B1124AA81BF00BCAF35 /* Sources */ = {
			isa = PBXSourcesBuildPhase;
			buildActionMask = 2147483647;
			files = (
				92C8536324B7DC0E00E08D22 /* User.swift in Sources */,
				92BE0BB124CF4655009866C6 /* ProfileView.swift in Sources */,
				9B662D4E25B4DC94009DFC10 /* SavedCategoryRow.swift in Sources */,
				9231136724F6FD6C0081D354 /* Tag.swift in Sources */,
				9B863A7B25D7029C007A11D3 /* SavedCategoryView.swift in Sources */,
				92B001DE24C50B4000E1B0B0 /* BlurView.swift in Sources */,
				92B49B1B24AA81BF00BCAF35 /* ContentView.swift in Sources */,
				926B22B625013B4F004F576C /* SmallNycheCard.swift in Sources */,
				9238EE4624FC1834009A9127 /* FullscreenGallery.swift in Sources */,
				92C408592502C49200CBA3B6 /* GalleryView.swift in Sources */,
				922FEC6624AE83050017F308 /* ImageTextPostCard.swift in Sources */,
				9238EE4424FAA7D9009A9127 /* TagList.swift in Sources */,
				9B1429A325B4B4D100CF6B0F /* SavedView.swift in Sources */,
				926B22B424FDE27A004F576C /* PostFooter.swift in Sources */,
				92B49B1924AA81BF00BCAF35 /* NycheApp.swift in Sources */,
				92AC77C424B91A6D004DE69A /* ImagePostCard.swift in Sources */,
				92922ECA24C7A33700CF2AD0 /* PostsView.swift in Sources */,
				92AC77C624B92326004DE69A /* PostImage.swift in Sources */,
				926B22B82501418F004F576C /* Nyche.swift in Sources */,
			);
			runOnlyForDeploymentPostprocessing = 0;
		};
		92B49B2224AA81C000BCAF35 /* Sources */ = {
			isa = PBXSourcesBuildPhase;
			buildActionMask = 2147483647;
			files = (
				92B49B2B24AA81C000BCAF35 /* NycheTests.swift in Sources */,
			);
			runOnlyForDeploymentPostprocessing = 0;
		};
		92B49B2D24AA81C000BCAF35 /* Sources */ = {
			isa = PBXSourcesBuildPhase;
			buildActionMask = 2147483647;
			files = (
				92B49B3624AA81C000BCAF35 /* NycheUITests.swift in Sources */,
			);
			runOnlyForDeploymentPostprocessing = 0;
		};
/* End PBXSourcesBuildPhase section */

/* Begin PBXTargetDependency section */
		92B49B2824AA81C000BCAF35 /* PBXTargetDependency */ = {
			isa = PBXTargetDependency;
			target = 92B49B1424AA81BF00BCAF35 /* Nyche */;
			targetProxy = 92B49B2724AA81C000BCAF35 /* PBXContainerItemProxy */;
		};
		92B49B3324AA81C000BCAF35 /* PBXTargetDependency */ = {
			isa = PBXTargetDependency;
			target = 92B49B1424AA81BF00BCAF35 /* Nyche */;
			targetProxy = 92B49B3224AA81C000BCAF35 /* PBXContainerItemProxy */;
		};
/* End PBXTargetDependency section */

/* Begin XCBuildConfiguration section */
		92B49B3824AA81C000BCAF35 /* Debug */ = {
			isa = XCBuildConfiguration;
			buildSettings = {
				ALWAYS_SEARCH_USER_PATHS = NO;
				CLANG_ANALYZER_NONNULL = YES;
				CLANG_ANALYZER_NUMBER_OBJECT_CONVERSION = YES_AGGRESSIVE;
				CLANG_CXX_LANGUAGE_STANDARD = "gnu++14";
				CLANG_CXX_LIBRARY = "libc++";
				CLANG_ENABLE_MODULES = YES;
				CLANG_ENABLE_OBJC_ARC = YES;
				CLANG_ENABLE_OBJC_WEAK = YES;
				CLANG_WARN_BLOCK_CAPTURE_AUTORELEASING = YES;
				CLANG_WARN_BOOL_CONVERSION = YES;
				CLANG_WARN_COMMA = YES;
				CLANG_WARN_CONSTANT_CONVERSION = YES;
				CLANG_WARN_DEPRECATED_OBJC_IMPLEMENTATIONS = YES;
				CLANG_WARN_DIRECT_OBJC_ISA_USAGE = YES_ERROR;
				CLANG_WARN_DOCUMENTATION_COMMENTS = YES;
				CLANG_WARN_EMPTY_BODY = YES;
				CLANG_WARN_ENUM_CONVERSION = YES;
				CLANG_WARN_INFINITE_RECURSION = YES;
				CLANG_WARN_INT_CONVERSION = YES;
				CLANG_WARN_NON_LITERAL_NULL_CONVERSION = YES;
				CLANG_WARN_OBJC_IMPLICIT_RETAIN_SELF = YES;
				CLANG_WARN_OBJC_LITERAL_CONVERSION = YES;
				CLANG_WARN_OBJC_ROOT_CLASS = YES_ERROR;
				CLANG_WARN_QUOTED_INCLUDE_IN_FRAMEWORK_HEADER = YES;
				CLANG_WARN_RANGE_LOOP_ANALYSIS = YES;
				CLANG_WARN_STRICT_PROTOTYPES = YES;
				CLANG_WARN_SUSPICIOUS_MOVE = YES;
				CLANG_WARN_UNGUARDED_AVAILABILITY = YES_AGGRESSIVE;
				CLANG_WARN_UNREACHABLE_CODE = YES;
				CLANG_WARN__DUPLICATE_METHOD_MATCH = YES;
				COPY_PHASE_STRIP = NO;
				DEBUG_INFORMATION_FORMAT = dwarf;
				ENABLE_STRICT_OBJC_MSGSEND = YES;
				ENABLE_TESTABILITY = YES;
				GCC_C_LANGUAGE_STANDARD = gnu11;
				GCC_DYNAMIC_NO_PIC = NO;
				GCC_NO_COMMON_BLOCKS = YES;
				GCC_OPTIMIZATION_LEVEL = 0;
				GCC_PREPROCESSOR_DEFINITIONS = (
					"DEBUG=1",
					"$(inherited)",
				);
				GCC_WARN_64_TO_32_BIT_CONVERSION = YES;
				GCC_WARN_ABOUT_RETURN_TYPE = YES_ERROR;
				GCC_WARN_UNDECLARED_SELECTOR = YES;
				GCC_WARN_UNINITIALIZED_AUTOS = YES_AGGRESSIVE;
				GCC_WARN_UNUSED_FUNCTION = YES;
				GCC_WARN_UNUSED_VARIABLE = YES;
				IPHONEOS_DEPLOYMENT_TARGET = 14.0;
				MTL_ENABLE_DEBUG_INFO = INCLUDE_SOURCE;
				MTL_FAST_MATH = YES;
				ONLY_ACTIVE_ARCH = YES;
				SDKROOT = iphoneos;
				SWIFT_ACTIVE_COMPILATION_CONDITIONS = DEBUG;
				SWIFT_OPTIMIZATION_LEVEL = "-Onone";
			};
			name = Debug;
		};
		92B49B3924AA81C000BCAF35 /* Release */ = {
			isa = XCBuildConfiguration;
			buildSettings = {
				ALWAYS_SEARCH_USER_PATHS = NO;
				CLANG_ANALYZER_NONNULL = YES;
				CLANG_ANALYZER_NUMBER_OBJECT_CONVERSION = YES_AGGRESSIVE;
				CLANG_CXX_LANGUAGE_STANDARD = "gnu++14";
				CLANG_CXX_LIBRARY = "libc++";
				CLANG_ENABLE_MODULES = YES;
				CLANG_ENABLE_OBJC_ARC = YES;
				CLANG_ENABLE_OBJC_WEAK = YES;
				CLANG_WARN_BLOCK_CAPTURE_AUTORELEASING = YES;
				CLANG_WARN_BOOL_CONVERSION = YES;
				CLANG_WARN_COMMA = YES;
				CLANG_WARN_CONSTANT_CONVERSION = YES;
				CLANG_WARN_DEPRECATED_OBJC_IMPLEMENTATIONS = YES;
				CLANG_WARN_DIRECT_OBJC_ISA_USAGE = YES_ERROR;
				CLANG_WARN_DOCUMENTATION_COMMENTS = YES;
				CLANG_WARN_EMPTY_BODY = YES;
				CLANG_WARN_ENUM_CONVERSION = YES;
				CLANG_WARN_INFINITE_RECURSION = YES;
				CLANG_WARN_INT_CONVERSION = YES;
				CLANG_WARN_NON_LITERAL_NULL_CONVERSION = YES;
				CLANG_WARN_OBJC_IMPLICIT_RETAIN_SELF = YES;
				CLANG_WARN_OBJC_LITERAL_CONVERSION = YES;
				CLANG_WARN_OBJC_ROOT_CLASS = YES_ERROR;
				CLANG_WARN_QUOTED_INCLUDE_IN_FRAMEWORK_HEADER = YES;
				CLANG_WARN_RANGE_LOOP_ANALYSIS = YES;
				CLANG_WARN_STRICT_PROTOTYPES = YES;
				CLANG_WARN_SUSPICIOUS_MOVE = YES;
				CLANG_WARN_UNGUARDED_AVAILABILITY = YES_AGGRESSIVE;
				CLANG_WARN_UNREACHABLE_CODE = YES;
				CLANG_WARN__DUPLICATE_METHOD_MATCH = YES;
				COPY_PHASE_STRIP = NO;
				DEBUG_INFORMATION_FORMAT = "dwarf-with-dsym";
				ENABLE_NS_ASSERTIONS = NO;
				ENABLE_STRICT_OBJC_MSGSEND = YES;
				GCC_C_LANGUAGE_STANDARD = gnu11;
				GCC_NO_COMMON_BLOCKS = YES;
				GCC_WARN_64_TO_32_BIT_CONVERSION = YES;
				GCC_WARN_ABOUT_RETURN_TYPE = YES_ERROR;
				GCC_WARN_UNDECLARED_SELECTOR = YES;
				GCC_WARN_UNINITIALIZED_AUTOS = YES_AGGRESSIVE;
				GCC_WARN_UNUSED_FUNCTION = YES;
				GCC_WARN_UNUSED_VARIABLE = YES;
				IPHONEOS_DEPLOYMENT_TARGET = 14.0;
				MTL_ENABLE_DEBUG_INFO = NO;
				MTL_FAST_MATH = YES;
				SDKROOT = iphoneos;
				SWIFT_COMPILATION_MODE = wholemodule;
				SWIFT_OPTIMIZATION_LEVEL = "-O";
				VALIDATE_PRODUCT = YES;
			};
			name = Release;
		};
		92B49B3B24AA81C000BCAF35 /* Debug */ = {
			isa = XCBuildConfiguration;
			buildSettings = {
				ASSETCATALOG_COMPILER_APPICON_NAME = AppIcon;
				ASSETCATALOG_COMPILER_GLOBAL_ACCENT_COLOR_NAME = AccentColor;
				CODE_SIGN_STYLE = Automatic;
				DEVELOPMENT_ASSET_PATHS = "\"Nyche/Preview Content\"";
				DEVELOPMENT_TEAM = ZYTKCJ322J;
				ENABLE_PREVIEWS = YES;
				INFOPLIST_FILE = Nyche/Info.plist;
				IPHONEOS_DEPLOYMENT_TARGET = 14.0;
				LD_RUNPATH_SEARCH_PATHS = (
					"$(inherited)",
					"@executable_path/Frameworks",
				);
				PRODUCT_BUNDLE_IDENTIFIER = me.zacharywilliams.Nyche;
				PRODUCT_NAME = "$(TARGET_NAME)";
				SWIFT_VERSION = 5.0;
				TARGETED_DEVICE_FAMILY = "1,2";
			};
			name = Debug;
		};
		92B49B3C24AA81C000BCAF35 /* Release */ = {
			isa = XCBuildConfiguration;
			buildSettings = {
				ASSETCATALOG_COMPILER_APPICON_NAME = AppIcon;
				ASSETCATALOG_COMPILER_GLOBAL_ACCENT_COLOR_NAME = AccentColor;
				CODE_SIGN_STYLE = Automatic;
				DEVELOPMENT_ASSET_PATHS = "\"Nyche/Preview Content\"";
				DEVELOPMENT_TEAM = ZYTKCJ322J;
				ENABLE_PREVIEWS = YES;
				INFOPLIST_FILE = Nyche/Info.plist;
				IPHONEOS_DEPLOYMENT_TARGET = 14.0;
				LD_RUNPATH_SEARCH_PATHS = (
					"$(inherited)",
					"@executable_path/Frameworks",
				);
				PRODUCT_BUNDLE_IDENTIFIER = me.zacharywilliams.Nyche;
				PRODUCT_NAME = "$(TARGET_NAME)";
				SWIFT_VERSION = 5.0;
				TARGETED_DEVICE_FAMILY = "1,2";
			};
			name = Release;
		};
		92B49B3E24AA81C000BCAF35 /* Debug */ = {
			isa = XCBuildConfiguration;
			buildSettings = {
				ALWAYS_EMBED_SWIFT_STANDARD_LIBRARIES = YES;
				BUNDLE_LOADER = "$(TEST_HOST)";
				CODE_SIGN_STYLE = Automatic;
				DEVELOPMENT_TEAM = ZYTKCJ322J;
				INFOPLIST_FILE = NycheTests/Info.plist;
				IPHONEOS_DEPLOYMENT_TARGET = 14.0;
				LD_RUNPATH_SEARCH_PATHS = (
					"$(inherited)",
					"@executable_path/Frameworks",
					"@loader_path/Frameworks",
				);
				PRODUCT_BUNDLE_IDENTIFIER = me.zacharywilliams.NycheTests;
				PRODUCT_NAME = "$(TARGET_NAME)";
				SWIFT_VERSION = 5.0;
				TARGETED_DEVICE_FAMILY = "1,2";
				TEST_HOST = "$(BUILT_PRODUCTS_DIR)/Nyche.app/Nyche";
			};
			name = Debug;
		};
		92B49B3F24AA81C000BCAF35 /* Release */ = {
			isa = XCBuildConfiguration;
			buildSettings = {
				ALWAYS_EMBED_SWIFT_STANDARD_LIBRARIES = YES;
				BUNDLE_LOADER = "$(TEST_HOST)";
				CODE_SIGN_STYLE = Automatic;
				DEVELOPMENT_TEAM = ZYTKCJ322J;
				INFOPLIST_FILE = NycheTests/Info.plist;
				IPHONEOS_DEPLOYMENT_TARGET = 14.0;
				LD_RUNPATH_SEARCH_PATHS = (
					"$(inherited)",
					"@executable_path/Frameworks",
					"@loader_path/Frameworks",
				);
				PRODUCT_BUNDLE_IDENTIFIER = me.zacharywilliams.NycheTests;
				PRODUCT_NAME = "$(TARGET_NAME)";
				SWIFT_VERSION = 5.0;
				TARGETED_DEVICE_FAMILY = "1,2";
				TEST_HOST = "$(BUILT_PRODUCTS_DIR)/Nyche.app/Nyche";
			};
			name = Release;
		};
		92B49B4124AA81C000BCAF35 /* Debug */ = {
			isa = XCBuildConfiguration;
			buildSettings = {
				ALWAYS_EMBED_SWIFT_STANDARD_LIBRARIES = YES;
				CODE_SIGN_STYLE = Automatic;
				DEVELOPMENT_TEAM = ZYTKCJ322J;
				INFOPLIST_FILE = NycheUITests/Info.plist;
				LD_RUNPATH_SEARCH_PATHS = (
					"$(inherited)",
					"@executable_path/Frameworks",
					"@loader_path/Frameworks",
				);
				PRODUCT_BUNDLE_IDENTIFIER = me.zacharywilliams.NycheUITests;
				PRODUCT_NAME = "$(TARGET_NAME)";
				SWIFT_VERSION = 5.0;
				TARGETED_DEVICE_FAMILY = "1,2";
				TEST_TARGET_NAME = Nyche;
			};
			name = Debug;
		};
		92B49B4224AA81C000BCAF35 /* Release */ = {
			isa = XCBuildConfiguration;
			buildSettings = {
				ALWAYS_EMBED_SWIFT_STANDARD_LIBRARIES = YES;
				CODE_SIGN_STYLE = Automatic;
				DEVELOPMENT_TEAM = ZYTKCJ322J;
				INFOPLIST_FILE = NycheUITests/Info.plist;
				LD_RUNPATH_SEARCH_PATHS = (
					"$(inherited)",
					"@executable_path/Frameworks",
					"@loader_path/Frameworks",
				);
				PRODUCT_BUNDLE_IDENTIFIER = me.zacharywilliams.NycheUITests;
				PRODUCT_NAME = "$(TARGET_NAME)";
				SWIFT_VERSION = 5.0;
				TARGETED_DEVICE_FAMILY = "1,2";
				TEST_TARGET_NAME = Nyche;
			};
			name = Release;
		};
/* End XCBuildConfiguration section */

/* Begin XCConfigurationList section */
		92B49B1024AA81BF00BCAF35 /* Build configuration list for PBXProject "Nyche" */ = {
			isa = XCConfigurationList;
			buildConfigurations = (
				92B49B3824AA81C000BCAF35 /* Debug */,
				92B49B3924AA81C000BCAF35 /* Release */,
			);
			defaultConfigurationIsVisible = 0;
			defaultConfigurationName = Release;
		};
		92B49B3A24AA81C000BCAF35 /* Build configuration list for PBXNativeTarget "Nyche" */ = {
			isa = XCConfigurationList;
			buildConfigurations = (
				92B49B3B24AA81C000BCAF35 /* Debug */,
				92B49B3C24AA81C000BCAF35 /* Release */,
			);
			defaultConfigurationIsVisible = 0;
			defaultConfigurationName = Release;
		};
		92B49B3D24AA81C000BCAF35 /* Build configuration list for PBXNativeTarget "NycheTests" */ = {
			isa = XCConfigurationList;
			buildConfigurations = (
				92B49B3E24AA81C000BCAF35 /* Debug */,
				92B49B3F24AA81C000BCAF35 /* Release */,
			);
			defaultConfigurationIsVisible = 0;
			defaultConfigurationName = Release;
		};
		92B49B4024AA81C000BCAF35 /* Build configuration list for PBXNativeTarget "NycheUITests" */ = {
			isa = XCConfigurationList;
			buildConfigurations = (
				92B49B4124AA81C000BCAF35 /* Debug */,
				92B49B4224AA81C000BCAF35 /* Release */,
			);
			defaultConfigurationIsVisible = 0;
			defaultConfigurationName = Release;
		};
/* End XCConfigurationList section */

/* Begin XCRemoteSwiftPackageReference section */
		9B8AE3AF25AB790500CF8193 /* XCRemoteSwiftPackageReference "swiftui-image-viewer" */ = {
			isa = XCRemoteSwiftPackageReference;
			repositoryURL = "https://github.com/Jake-Short/swiftui-image-viewer.git";
			requirement = {
				kind = upToNextMajorVersion;
				minimumVersion = 2.1.0;
			};
		};
/* End XCRemoteSwiftPackageReference section */

/* Begin XCSwiftPackageProductDependency section */
		9B8AE3B025AB790600CF8193 /* ImageViewerRemote */ = {
			isa = XCSwiftPackageProductDependency;
			package = 9B8AE3AF25AB790500CF8193 /* XCRemoteSwiftPackageReference "swiftui-image-viewer" */;
			productName = ImageViewerRemote;
		};
		9B8AE3B225AB790600CF8193 /* ImageViewer */ = {
			isa = XCSwiftPackageProductDependency;
			package = 9B8AE3AF25AB790500CF8193 /* XCRemoteSwiftPackageReference "swiftui-image-viewer" */;
			productName = ImageViewer;
		};
/* End XCSwiftPackageProductDependency section */
	};
	rootObject = 92B49B0D24AA81BF00BCAF35 /* Project object */;
}
